<?xml version="1.0" encoding="utf-8"?>
<Project ToolsVersion="4.0" xmlns="http://schemas.microsoft.com/developer/msbuild/2003">
  <ItemGroup>
    <Filter Include="r2lua">
      <UniqueIdentifier>{26c61446-f236-4da8-92e9-69cf0892f66d}</UniqueIdentifier>
    </Filter>
    <Filter Include="_external">
      <UniqueIdentifier>{955480a9-8970-4fc2-a2db-68e012a01677}</UniqueIdentifier>
    </Filter>
    <Filter Include="_external\r2">
      <UniqueIdentifier>{908a8d2c-6580-4589-8a28-6c2bd04fdb7d}</UniqueIdentifier>
    </Filter>
    <Filter Include="_external\r2tm">
      <UniqueIdentifier>{5fc1f00d-1c5a-40c7-9542-081fc7ad1a9c}</UniqueIdentifier>
    </Filter>
    <Filter Include="play">
      <UniqueIdentifier>{b3cc229a-8185-4ef4-ae8d-980d9e135478}</UniqueIdentifier>
    </Filter>
    <Filter Include="play\lua">
      <UniqueIdentifier>{75ee7280-cc66-4ddf-8d31-4001f0c8937b}</UniqueIdentifier>
    </Filter>
    <Filter Include="play\r2lua">
      <UniqueIdentifier>{e0b628b0-7c7a-4796-9323-ed1a2371bbcb}</UniqueIdentifier>
    </Filter>
    <Filter Include="play\sol2">
      <UniqueIdentifier>{159c8784-2ad8-47bc-b298-0419f239c46b}</UniqueIdentifier>
    </Filter>
  </ItemGroup>
  <ItemGroup>
    <ClCompile Include="src\main.cpp" />
    <ClCompile Include="src\menu_main.cpp" />
    <ClCompile Include="src\r2lua\r2lua.cpp">
      <Filter>r2lua</Filter>
    </ClCompile>
    <ClCompile Include="external\r2\r2_FrameManager.cpp">
      <Filter>_external\r2</Filter>
    </ClCompile>
    <ClCompile Include="external\r2tm\r2tm_cache_cleaner.cpp">
      <Filter>_external\r2tm</Filter>
    </ClCompile>
    <ClCompile Include="external\r2tm\r2tm_director.cpp">
      <Filter>_external\r2tm</Filter>
    </ClCompile>
    <ClCompile Include="external\r2tm\r2tm_file.cpp">
      <Filter>_external\r2tm</Filter>
    </ClCompile>
    <ClCompile Include="external\r2tm\r2tm_input.cpp">
      <Filter>_external\r2tm</Filter>
    </ClCompile>
    <ClCompile Include="external\r2tm\r2tm_menu_processor.cpp">
      <Filter>_external\r2tm</Filter>
    </ClCompile>
    <ClCompile Include="external\r2tm\r2tm_print_binary.cpp">
      <Filter>_external\r2tm</Filter>
    </ClCompile>
    <ClCompile Include="external\r2tm\r2tm_print_file.cpp">
      <Filter>_external\r2tm</Filter>
    </ClCompile>
    <ClCompile Include="external\r2tm\r2tm_stop_watch.cpp">
      <Filter>_external\r2tm</Filter>
    </ClCompile>
    <ClCompile Include="external\r2tm\r2tm_viewer_key.cpp">
      <Filter>_external\r2tm</Filter>
    </ClCompile>
    <ClCompile Include="external\r2tm\r2tm_viewer_version.cpp">
      <Filter>_external\r2tm</Filter>
    </ClCompile>
    <ClCompile Include="external\r2tm\r2tm_viewer_window_size.cpp">
      <Filter>_external\r2tm</Filter>
    </ClCompile>
    <ClCompile Include="external\r2tm\r2tm_windows_utility.cpp">
      <Filter>_external\r2tm</Filter>
    </ClCompile>
    <ClCompile Include="src\play\lua\function_closure_test.cpp">
      <Filter>play\lua</Filter>
    </ClCompile>
    <ClCompile Include="src\play\lua\function_cpp2lua_test.cpp">
      <Filter>play\lua</Filter>
    </ClCompile>
    <ClCompile Include="src\play\lua\function_lua2cpp_test.cpp">
      <Filter>play\lua</Filter>
    </ClCompile>
    <ClCompile Include="src\play\lua\FunctionMenu.cpp">
      <Filter>play\lua</Filter>
    </ClCompile>
    <ClCompile Include="src\play\lua\global_test.cpp">
      <Filter>play\lua</Filter>
    </ClCompile>
    <ClCompile Include="src\play\lua\GlobalMenu.cpp">
      <Filter>play\lua</Filter>
    </ClCompile>
    <ClCompile Include="src\play\lua\interaction_test.cpp">
      <Filter>play\lua</Filter>
    </ClCompile>
    <ClCompile Include="src\play\lua\lua_state_test.cpp">
      <Filter>play\lua</Filter>
    </ClCompile>
    <ClCompile Include="src\play\lua\luaL_dofile_test.cpp">
      <Filter>play\lua</Filter>
    </ClCompile>
    <ClCompile Include="src\play\lua\luaL_dostring_test.cpp">
      <Filter>play\lua</Filter>
    </ClCompile>
    <ClCompile Include="src\play\lua\luaL_openlibs_test.cpp">
      <Filter>play\lua</Filter>
    </ClCompile>
    <ClCompile Include="src\play\lua\LuaRootMenu.cpp">
      <Filter>play\lua</Filter>
    </ClCompile>
    <ClCompile Include="src\play\lua\memory_allocation_test.cpp">
      <Filter>play\lua</Filter>
    </ClCompile>
    <ClCompile Include="src\play\lua\MemoryAllocationMenu.cpp">
      <Filter>play\lua</Filter>
    </ClCompile>
    <ClCompile Include="src\play\lua\metatable_test.cpp">
      <Filter>play\lua</Filter>
    </ClCompile>
    <ClCompile Include="src\play\lua\stack_test.cpp">
      <Filter>play\lua</Filter>
    </ClCompile>
    <ClCompile Include="src\play\lua\StackMenu.cpp">
      <Filter>play\lua</Filter>
    </ClCompile>
    <ClCompile Include="src\play\lua\table_test.cpp">
      <Filter>play\lua</Filter>
    </ClCompile>
    <ClCompile Include="src\play\lua\TableMenu.cpp">
      <Filter>play\lua</Filter>
    </ClCompile>
    <ClCompile Include="src\play\lua\UserData_And_MetaTable_Menu.cpp">
      <Filter>play\lua</Filter>
    </ClCompile>
    <ClCompile Include="src\play\lua\userdata_test.cpp">
      <Filter>play\lua</Filter>
    </ClCompile>
    <ClCompile Include="src\play\r2lua\play_r2lua.cpp">
      <Filter>play\r2lua</Filter>
    </ClCompile>
    <ClCompile Include="src\play\r2lua\menu_r2lua.cpp">
      <Filter>play\r2lua</Filter>
    </ClCompile>
    <ClCompile Include="src\test_lua_helper.cpp" />
    <ClCompile Include="src\play\sol2\menu_sol2.cpp">
      <Filter>play\sol2</Filter>
    </ClCompile>
    <ClCompile Include="src\play\sol2\play_sol2.cpp">
      <Filter>play\sol2</Filter>
    </ClCompile>
  </ItemGroup>
  <ItemGroup>
    <ClInclude Include="src\menu_main.hpp" />
    <ClInclude Include="src\r2lua\r2lua.h">
      <Filter>r2lua</Filter>
    </ClInclude>
    <ClInclude Include="external\r2\r2_Assert.h">
      <Filter>_external\r2</Filter>
    </ClInclude>
    <ClInclude Include="external\r2\r2_FrameManager.h">
      <Filter>_external\r2</Filter>
    </ClInclude>
    <ClInclude Include="src\lua_header_package.h" />
    <ClInclude Include="external\r2tm\r2tm_cache_cleaner.hpp">
      <Filter>_external\r2tm</Filter>
    </ClInclude>
    <ClInclude Include="external\r2tm\r2tm_color.hpp">
      <Filter>_external\r2tm</Filter>
    </ClInclude>
    <ClInclude Include="external\r2tm\r2tm_color_modifier.hpp">
      <Filter>_external\r2tm</Filter>
    </ClInclude>
    <ClInclude Include="external\r2tm\r2tm_director.hpp">
      <Filter>_external\r2tm</Filter>
    </ClInclude>
    <ClInclude Include="external\r2tm\r2tm_file.hpp">
      <Filter>_external\r2tm</Filter>
    </ClInclude>
    <ClInclude Include="external\r2tm\r2tm_input.hpp">
      <Filter>_external\r2tm</Filter>
    </ClInclude>
    <ClInclude Include="external\r2tm\r2tm_inspector.hpp">
      <Filter>_external\r2tm</Filter>
    </ClInclude>
    <ClInclude Include="external\r2tm\r2tm_interface_item.hpp">
      <Filter>_external\r2tm</Filter>
    </ClInclude>
    <ClInclude Include="external\r2tm\r2tm_interface_menu.hpp">
      <Filter>_external\r2tm</Filter>
    </ClInclude>
    <ClInclude Include="external\r2tm\r2tm_menu_constant.hpp">
      <Filter>_external\r2tm</Filter>
    </ClInclude>
    <ClInclude Include="external\r2tm\r2tm_menu_processor.hpp">
      <Filter>_external\r2tm</Filter>
    </ClInclude>
    <ClInclude Include="external\r2tm\r2tm_ostream.hpp">
      <Filter>_external\r2tm</Filter>
    </ClInclude>
    <ClInclude Include="external\r2tm\r2tm_print_binary.hpp">
      <Filter>_external\r2tm</Filter>
    </ClInclude>
    <ClInclude Include="external\r2tm\r2tm_print_file.hpp">
      <Filter>_external\r2tm</Filter>
    </ClInclude>
    <ClInclude Include="external\r2tm\r2tm_stop_watch.hpp">
      <Filter>_external\r2tm</Filter>
    </ClInclude>
    <ClInclude Include="external\r2tm\r2tm_version_info.hpp">
      <Filter>_external\r2tm</Filter>
    </ClInclude>
    <ClInclude Include="external\r2tm\r2tm_viewer_key.hpp">
      <Filter>_external\r2tm</Filter>
    </ClInclude>
    <ClInclude Include="external\r2tm\r2tm_viewer_version.hpp">
      <Filter>_external\r2tm</Filter>
    </ClInclude>
    <ClInclude Include="external\r2tm\r2tm_viewer_window_size.hpp">
      <Filter>_external\r2tm</Filter>
    </ClInclude>
    <ClInclude Include="external\r2tm\r2tm_windows_utility.hpp">
      <Filter>_external\r2tm</Filter>
    </ClInclude>
    <ClInclude Include="src\play\lua\function_closure_test.h">
      <Filter>play\lua</Filter>
    </ClInclude>
    <ClInclude Include="src\play\lua\function_cpp2lua_test.h">
      <Filter>play\lua</Filter>
    </ClInclude>
    <ClInclude Include="src\play\lua\function_lua2cpp_test.h">
      <Filter>play\lua</Filter>
    </ClInclude>
    <ClInclude Include="src\play\lua\FunctionMenu.h">
      <Filter>play\lua</Filter>
    </ClInclude>
    <ClInclude Include="src\play\lua\global_test.h">
      <Filter>play\lua</Filter>
    </ClInclude>
    <ClInclude Include="src\play\lua\GlobalMenu.h">
      <Filter>play\lua</Filter>
    </ClInclude>
    <ClInclude Include="src\play\lua\interaction_test.h">
      <Filter>play\lua</Filter>
    </ClInclude>
    <ClInclude Include="src\play\lua\interaction_test_helper_call_with_closure.hpp">
      <Filter>play\lua</Filter>
    </ClInclude>
    <ClInclude Include="src\play\lua\lua_state_test.h">
      <Filter>play\lua</Filter>
    </ClInclude>
    <ClInclude Include="src\play\lua\luaL_dofile_test.h">
      <Filter>play\lua</Filter>
    </ClInclude>
    <ClInclude Include="src\play\lua\luaL_dostring_test.h">
      <Filter>play\lua</Filter>
    </ClInclude>
    <ClInclude Include="src\play\lua\luaL_openlibs_test.h">
      <Filter>play\lua</Filter>
    </ClInclude>
    <ClInclude Include="src\play\lua\LuaRootMenu.h">
      <Filter>play\lua</Filter>
    </ClInclude>
    <ClInclude Include="src\play\lua\memory_allocation_test.h">
      <Filter>play\lua</Filter>
    </ClInclude>
    <ClInclude Include="src\play\lua\memory_allocation_test_helper_custom.hpp">
      <Filter>play\lua</Filter>
    </ClInclude>
    <ClInclude Include="src\play\lua\memory_allocation_test_helper_pool_01.hpp">
      <Filter>play\lua</Filter>
    </ClInclude>
    <ClInclude Include="src\play\lua\memory_allocation_test_helper_pool_02.hpp">
      <Filter>play\lua</Filter>
    </ClInclude>
    <ClInclude Include="src\play\lua\MemoryAllocationMenu.h">
      <Filter>play\lua</Filter>
    </ClInclude>
    <ClInclude Include="src\play\lua\metatable_test.h">
      <Filter>play\lua</Filter>
    </ClInclude>
    <ClInclude Include="src\play\lua\metatable_test_helper.hpp">
      <Filter>play\lua</Filter>
    </ClInclude>
    <ClInclude Include="src\play\lua\stack_test.h">
      <Filter>play\lua</Filter>
    </ClInclude>
    <ClInclude Include="src\play\lua\StackMenu.h">
      <Filter>play\lua</Filter>
    </ClInclude>
    <ClInclude Include="src\play\lua\table_test.h">
      <Filter>play\lua</Filter>
    </ClInclude>
    <ClInclude Include="src\play\lua\TableMenu.h">
      <Filter>play\lua</Filter>
    </ClInclude>
    <ClInclude Include="src\play\lua\UserData_And_MetaTable_Menu.h">
      <Filter>play\lua</Filter>
    </ClInclude>
    <ClInclude Include="src\play\lua\userdata_n_metatable_test_helper_field_add_from_lua.hpp">
      <Filter>play\lua</Filter>
    </ClInclude>
    <ClInclude Include="src\play\lua\userdata_n_metatable_test_helper_field_get.hpp">
      <Filter>play\lua</Filter>
    </ClInclude>
    <ClInclude Include="src\play\lua\userdata_n_metatable_test_helper_field_set.hpp">
      <Filter>play\lua</Filter>
    </ClInclude>
    <ClInclude Include="src\play\lua\userdata_n_metatable_test_helper_index_and_newindex.hpp">
      <Filter>play\lua</Filter>
    </ClInclude>
    <ClInclude Include="src\play\lua\userdata_n_metatable_test_helper_oop.hpp">
      <Filter>play\lua</Filter>
    </ClInclude>
    <ClInclude Include="src\play\lua\userdata_test.h">
      <Filter>play\lua</Filter>
    </ClInclude>
    <ClInclude Include="src\play\lua\userdata_test_helper_constructor.hpp">
      <Filter>play\lua</Filter>
    </ClInclude>
    <ClInclude Include="src\play\lua\userdata_test_helper_destructor.hpp">
      <Filter>play\lua</Filter>
    </ClInclude>
    <ClInclude Include="src\play\lua\userdata_test_helper_new.hpp">
      <Filter>play\lua</Filter>
    </ClInclude>
    <ClInclude Include="src\play\r2lua\play_r2lua.hpp">
      <Filter>play\r2lua</Filter>
    </ClInclude>
    <ClInclude Include="src\play\r2lua\menu_r2lua.hpp">
      <Filter>play\r2lua</Filter>
    </ClInclude>
    <ClInclude Include="src\test_lua_helper.h" />
    <ClInclude Include="src\play\sol2\menu_sol2.hpp">
      <Filter>play\sol2</Filter>
    </ClInclude>
    <ClInclude Include="src\play\sol2\play_sol2.hpp">
      <Filter>play\sol2</Filter>
    </ClInclude>
  </ItemGroup>
</Project>