<?xml version="1.0" encoding="utf-8"?>
<Project ToolsVersion="4.0" xmlns="http://schemas.microsoft.com/developer/msbuild/2003">
  <ItemGroup>
    <Filter Include="base">
      <UniqueIdentifier>{5fc1f00d-1c5a-40c7-9542-081fc7ad1a9c}</UniqueIdentifier>
    </Filter>
    <Filter Include="test">
      <UniqueIdentifier>{969087ae-f173-470e-b691-2e752d41c9dd}</UniqueIdentifier>
    </Filter>
    <Filter Include="test_deprecated">
      <UniqueIdentifier>{ac36d45c-4822-4e2f-a29d-2f8d2c3c6b62}</UniqueIdentifier>
    </Filter>
    <Filter Include="test_lua">
      <UniqueIdentifier>{75ee7280-cc66-4ddf-8d31-4001f0c8937b}</UniqueIdentifier>
    </Filter>
    <Filter Include="test_lua\menu">
      <UniqueIdentifier>{5404a19b-4605-4e33-8e81-be342b9fff88}</UniqueIdentifier>
    </Filter>
  </ItemGroup>
  <ItemGroup>
    <ClCompile Include="src\main.cpp" />
    <ClCompile Include="src\pch.cpp" />
    <ClCompile Include="src\step_helper.cpp" />
    <ClCompile Include="src\base\r2_Director.cpp">
      <Filter>base</Filter>
    </ClCompile>
    <ClCompile Include="src\base\r2_FrameManager.cpp">
      <Filter>base</Filter>
    </ClCompile>
    <ClCompile Include="src\base\r2_Menu.cpp">
      <Filter>base</Filter>
    </ClCompile>
    <ClCompile Include="src\test\lua_state_test.cpp">
      <Filter>test</Filter>
    </ClCompile>
    <ClCompile Include="src\test\lua_dostring_test.cpp">
      <Filter>test</Filter>
    </ClCompile>
    <ClCompile Include="src\test\lua_getglobal_test.cpp">
      <Filter>test</Filter>
    </ClCompile>
    <ClCompile Include="src\test\step_DoFile.cpp">
      <Filter>test_deprecated</Filter>
    </ClCompile>
    <ClCompile Include="src\test\step_GetTable.cpp">
      <Filter>test_deprecated</Filter>
    </ClCompile>
    <ClCompile Include="src\test\step_PCall_01.cpp">
      <Filter>test_deprecated</Filter>
    </ClCompile>
    <ClCompile Include="src\test\step_PCall_02.cpp">
      <Filter>test_deprecated</Filter>
    </ClCompile>
    <ClCompile Include="src\test\step_PCall_03.cpp">
      <Filter>test_deprecated</Filter>
    </ClCompile>
    <ClCompile Include="src\test\step_PCall_04_CallCPPFunction.cpp">
      <Filter>test_deprecated</Filter>
    </ClCompile>
    <ClCompile Include="src\test\lua_stack_printer_test.cpp">
      <Filter>test</Filter>
    </ClCompile>
    <ClCompile Include="src\test\lua_stack_clear_test.cpp">
      <Filter>test</Filter>
    </ClCompile>
    <ClCompile Include="src\test\lua_type_check_test.cpp">
      <Filter>test</Filter>
    </ClCompile>
    <ClCompile Include="src\test\lua_open_libs_test.cpp">
      <Filter>test_deprecated</Filter>
    </ClCompile>
    <ClCompile Include="src\test_lua\RootMenu.cpp">
      <Filter>test_lua\menu</Filter>
    </ClCompile>
  </ItemGroup>
  <ItemGroup>
    <ClInclude Include="src\pch.h" />
    <ClInclude Include="src\step_helper.h" />
    <ClInclude Include="src\base\r2_Assert.h">
      <Filter>base</Filter>
    </ClInclude>
    <ClInclude Include="src\base\r2_Director.h">
      <Filter>base</Filter>
    </ClInclude>
    <ClInclude Include="src\base\r2_eTestResult.h">
      <Filter>base</Filter>
    </ClInclude>
    <ClInclude Include="src\base\r2_FrameManager.h">
      <Filter>base</Filter>
    </ClInclude>
    <ClInclude Include="src\base\r2_iTest.h">
      <Filter>base</Filter>
    </ClInclude>
    <ClInclude Include="src\base\r2_Menu.h">
      <Filter>base</Filter>
    </ClInclude>
    <ClInclude Include="src\base\r2_Singleton.h">
      <Filter>base</Filter>
    </ClInclude>
    <ClInclude Include="src\test\lua_state_test.h">
      <Filter>test</Filter>
    </ClInclude>
    <ClInclude Include="src\test\lua_dostring_test.h">
      <Filter>test</Filter>
    </ClInclude>
    <ClInclude Include="src\test\lua_getglobal_test.h">
      <Filter>test</Filter>
    </ClInclude>
    <ClInclude Include="src\test\step_DoFile.h">
      <Filter>test_deprecated</Filter>
    </ClInclude>
    <ClInclude Include="src\test\step_GetTable.h">
      <Filter>test_deprecated</Filter>
    </ClInclude>
    <ClInclude Include="src\test\step_PCall_01.h">
      <Filter>test_deprecated</Filter>
    </ClInclude>
    <ClInclude Include="src\test\step_PCall_02.h">
      <Filter>test_deprecated</Filter>
    </ClInclude>
    <ClInclude Include="src\test\step_PCall_03.h">
      <Filter>test_deprecated</Filter>
    </ClInclude>
    <ClInclude Include="src\test\step_PCall_04_CallCPPFunction.h">
      <Filter>test_deprecated</Filter>
    </ClInclude>
    <ClInclude Include="src\test\lua_stack_printer_test.h">
      <Filter>test</Filter>
    </ClInclude>
    <ClInclude Include="src\test\lua_stack_clear_test.h">
      <Filter>test</Filter>
    </ClInclude>
    <ClInclude Include="src\test\lua_type_check_test.h">
      <Filter>test</Filter>
    </ClInclude>
    <ClInclude Include="src\test\lua_open_libs_test.h">
      <Filter>test_deprecated</Filter>
    </ClInclude>
    <ClInclude Include="src\test_lua\RootMenu.h">
      <Filter>test_lua\menu</Filter>
    </ClInclude>
  </ItemGroup>
</Project>