<?xml version="1.0" encoding="utf-8"?>
<Project ToolsVersion="4.0" xmlns="http://schemas.microsoft.com/developer/msbuild/2003">
  <ItemGroup>
    <Filter Include="test_lua">
      <UniqueIdentifier>{75ee7280-cc66-4ddf-8d31-4001f0c8937b}</UniqueIdentifier>
    </Filter>
    <Filter Include="test_lua\menu">
      <UniqueIdentifier>{5404a19b-4605-4e33-8e81-be342b9fff88}</UniqueIdentifier>
    </Filter>
    <Filter Include="test_lua\item">
      <UniqueIdentifier>{bb975c5e-ebe5-41b6-824a-da9b49efb89e}</UniqueIdentifier>
    </Filter>
    <Filter Include="r2lua">
      <UniqueIdentifier>{26c61446-f236-4da8-92e9-69cf0892f66d}</UniqueIdentifier>
    </Filter>
    <Filter Include="test_r2lua">
      <UniqueIdentifier>{e0b628b0-7c7a-4796-9323-ed1a2371bbcb}</UniqueIdentifier>
    </Filter>
    <Filter Include="test_r2lua\item">
      <UniqueIdentifier>{908430da-8ab5-4d7f-8d2a-366fd0948590}</UniqueIdentifier>
    </Filter>
    <Filter Include="test_r2lua\menu">
      <UniqueIdentifier>{0a044e0a-6499-4b9a-b650-f3abbd02e2fd}</UniqueIdentifier>
    </Filter>
    <Filter Include="external">
      <UniqueIdentifier>{955480a9-8970-4fc2-a2db-68e012a01677}</UniqueIdentifier>
    </Filter>
    <Filter Include="external\r2">
      <UniqueIdentifier>{908a8d2c-6580-4589-8a28-6c2bd04fdb7d}</UniqueIdentifier>
    </Filter>
    <Filter Include="external\r2cm">
      <UniqueIdentifier>{5fc1f00d-1c5a-40c7-9542-081fc7ad1a9c}</UniqueIdentifier>
    </Filter>
  </ItemGroup>
  <ItemGroup>
    <ClCompile Include="src\main.cpp" />
    <ClCompile Include="src\MainMenu.cpp" />
    <ClCompile Include="src\r2lua\r2lua.cpp">
      <Filter>r2lua</Filter>
    </ClCompile>
    <ClCompile Include="src\test_r2lua\r2lua_test.cpp">
      <Filter>test_r2lua\item</Filter>
    </ClCompile>
    <ClCompile Include="src\test_lua_helper.cpp">
      <Filter>test_lua</Filter>
    </ClCompile>
    <ClCompile Include="src\test_lua\StackMenu.cpp">
      <Filter>test_lua\menu</Filter>
    </ClCompile>
    <ClCompile Include="src\test_lua\GlobalMenu.cpp">
      <Filter>test_lua\menu</Filter>
    </ClCompile>
    <ClCompile Include="src\test_lua\TableMenu.cpp">
      <Filter>test_lua\menu</Filter>
    </ClCompile>
    <ClCompile Include="src\test_lua\FunctionMenu.cpp">
      <Filter>test_lua\menu</Filter>
    </ClCompile>
    <ClCompile Include="external\r2\r2_FrameManager.cpp">
      <Filter>external\r2</Filter>
    </ClCompile>
    <ClCompile Include="external\r2cm\r2cm_BinaryPrint.cpp">
      <Filter>external\r2cm</Filter>
    </ClCompile>
    <ClCompile Include="external\r2cm\r2cm_Director.cpp">
      <Filter>external\r2cm</Filter>
    </ClCompile>
    <ClCompile Include="external\r2cm\r2cm_Inspector.cpp">
      <Filter>external\r2cm</Filter>
    </ClCompile>
    <ClCompile Include="external\r2cm\r2cm_Menu.cpp">
      <Filter>external\r2cm</Filter>
    </ClCompile>
    <ClCompile Include="external\r2cm\r2cm_StopWatch.cpp">
      <Filter>external\r2cm</Filter>
    </ClCompile>
    <ClCompile Include="external\r2cm\r2cm_WindowUtility.cpp">
      <Filter>external\r2cm</Filter>
    </ClCompile>
    <ClCompile Include="src\test_lua\test\function_closure_test.cpp">
      <Filter>test_lua\item</Filter>
    </ClCompile>
    <ClCompile Include="src\test_lua\test\function_cpp2lua_test.cpp">
      <Filter>test_lua\item</Filter>
    </ClCompile>
    <ClCompile Include="src\test_lua\test\function_lua2cpp_test.cpp">
      <Filter>test_lua\item</Filter>
    </ClCompile>
    <ClCompile Include="src\test_lua\test\global_test.cpp">
      <Filter>test_lua\item</Filter>
    </ClCompile>
    <ClCompile Include="src\test_lua\test\lua_state_test.cpp">
      <Filter>test_lua\item</Filter>
    </ClCompile>
    <ClCompile Include="src\test_lua\test\luaL_dofile_test.cpp">
      <Filter>test_lua\item</Filter>
    </ClCompile>
    <ClCompile Include="src\test_lua\test\luaL_dostring_test.cpp">
      <Filter>test_lua\item</Filter>
    </ClCompile>
    <ClCompile Include="src\test_lua\test\luaL_openlibs_test.cpp">
      <Filter>test_lua\item</Filter>
    </ClCompile>
    <ClCompile Include="src\test_lua\test\stack_test.cpp">
      <Filter>test_lua\item</Filter>
    </ClCompile>
    <ClCompile Include="src\test_lua\test\table_test.cpp">
      <Filter>test_lua\item</Filter>
    </ClCompile>
    <ClCompile Include="src\test_lua\test\userdata_test.cpp">
      <Filter>test_lua\item</Filter>
    </ClCompile>
    <ClCompile Include="src\test_lua\test\metatable_test.cpp">
      <Filter>test_lua\item</Filter>
    </ClCompile>
    <ClCompile Include="src\test_lua\UserData_And_MetaTable_Menu.cpp">
      <Filter>test_lua\menu</Filter>
    </ClCompile>
    <ClCompile Include="src\test_lua\LuaRootMenu.cpp">
      <Filter>test_lua\menu</Filter>
    </ClCompile>
    <ClCompile Include="src\test_r2lua\R2LuaRootMenu.cpp">
      <Filter>test_r2lua\menu</Filter>
    </ClCompile>
  </ItemGroup>
  <ItemGroup>
    <ClInclude Include="src\MainMenu.h" />
    <ClInclude Include="src\r2lua\r2lua.h">
      <Filter>r2lua</Filter>
    </ClInclude>
    <ClInclude Include="src\test_r2lua\r2lua_test.h">
      <Filter>test_r2lua\item</Filter>
    </ClInclude>
    <ClInclude Include="src\test_lua_helper.h">
      <Filter>test_lua</Filter>
    </ClInclude>
    <ClInclude Include="src\test_lua\StackMenu.h">
      <Filter>test_lua\menu</Filter>
    </ClInclude>
    <ClInclude Include="src\test_lua\GlobalMenu.h">
      <Filter>test_lua\menu</Filter>
    </ClInclude>
    <ClInclude Include="src\test_lua\TableMenu.h">
      <Filter>test_lua\menu</Filter>
    </ClInclude>
    <ClInclude Include="src\test_lua\FunctionMenu.h">
      <Filter>test_lua\menu</Filter>
    </ClInclude>
    <ClInclude Include="external\r2\r2_Assert.h">
      <Filter>external\r2</Filter>
    </ClInclude>
    <ClInclude Include="external\r2\r2_FrameManager.h">
      <Filter>external\r2</Filter>
    </ClInclude>
    <ClInclude Include="external\r2cm\r2cm_BinaryPrint.h">
      <Filter>external\r2cm</Filter>
    </ClInclude>
    <ClInclude Include="external\r2cm\r2cm_Director.h">
      <Filter>external\r2cm</Filter>
    </ClInclude>
    <ClInclude Include="external\r2cm\r2cm_iItem.h">
      <Filter>external\r2cm</Filter>
    </ClInclude>
    <ClInclude Include="external\r2cm\r2cm_Inspector.h">
      <Filter>external\r2cm</Filter>
    </ClInclude>
    <ClInclude Include="external\r2cm\r2cm_Menu.h">
      <Filter>external\r2cm</Filter>
    </ClInclude>
    <ClInclude Include="external\r2cm\r2cm_ostream.h">
      <Filter>external\r2cm</Filter>
    </ClInclude>
    <ClInclude Include="external\r2cm\r2cm_Singleton.h">
      <Filter>external\r2cm</Filter>
    </ClInclude>
    <ClInclude Include="external\r2cm\r2cm_StopWatch.h">
      <Filter>external\r2cm</Filter>
    </ClInclude>
    <ClInclude Include="external\r2cm\r2cm_VersionInfo.h">
      <Filter>external\r2cm</Filter>
    </ClInclude>
    <ClInclude Include="external\r2cm\r2cm_WindowUtility.h">
      <Filter>external\r2cm</Filter>
    </ClInclude>
    <ClInclude Include="src\lua_header_package.h" />
    <ClInclude Include="src\test_lua\test\function_closure_test.h">
      <Filter>test_lua\item</Filter>
    </ClInclude>
    <ClInclude Include="src\test_lua\test\function_cpp2lua_test.h">
      <Filter>test_lua\item</Filter>
    </ClInclude>
    <ClInclude Include="src\test_lua\test\function_lua2cpp_test.h">
      <Filter>test_lua\item</Filter>
    </ClInclude>
    <ClInclude Include="src\test_lua\test\global_test.h">
      <Filter>test_lua\item</Filter>
    </ClInclude>
    <ClInclude Include="src\test_lua\test\lua_state_test.h">
      <Filter>test_lua\item</Filter>
    </ClInclude>
    <ClInclude Include="src\test_lua\test\luaL_dofile_test.h">
      <Filter>test_lua\item</Filter>
    </ClInclude>
    <ClInclude Include="src\test_lua\test\luaL_dostring_test.h">
      <Filter>test_lua\item</Filter>
    </ClInclude>
    <ClInclude Include="src\test_lua\test\luaL_openlibs_test.h">
      <Filter>test_lua\item</Filter>
    </ClInclude>
    <ClInclude Include="src\test_lua\test\stack_test.h">
      <Filter>test_lua\item</Filter>
    </ClInclude>
    <ClInclude Include="src\test_lua\test\table_test.h">
      <Filter>test_lua\item</Filter>
    </ClInclude>
    <ClInclude Include="src\test_lua\test\userdata_test.h">
      <Filter>test_lua\item</Filter>
    </ClInclude>
    <ClInclude Include="src\test_lua\test\metatable_test.h">
      <Filter>test_lua\item</Filter>
    </ClInclude>
    <ClInclude Include="src\test_lua\test\metatable_test_helper.hpp">
      <Filter>test_lua\item</Filter>
    </ClInclude>
    <ClInclude Include="src\test_lua\test\userdata_test_helper_constructor.hpp">
      <Filter>test_lua\item</Filter>
    </ClInclude>
    <ClInclude Include="src\test_lua\test\userdata_test_helper_destructor.hpp">
      <Filter>test_lua\item</Filter>
    </ClInclude>
    <ClInclude Include="src\test_lua\test\userdata_test_helper_new.hpp">
      <Filter>test_lua\item</Filter>
    </ClInclude>
    <ClInclude Include="src\test_lua\UserData_And_MetaTable_Menu.h">
      <Filter>test_lua\menu</Filter>
    </ClInclude>
    <ClInclude Include="src\test_lua\LuaRootMenu.h">
      <Filter>test_lua\menu</Filter>
    </ClInclude>
    <ClInclude Include="src\test_r2lua\R2LuaRootMenu.h">
      <Filter>test_r2lua\menu</Filter>
    </ClInclude>
    <ClInclude Include="src\test_lua\test\userdata_n_metatable_test_helper_oop.hpp">
      <Filter>test_lua\item</Filter>
    </ClInclude>
    <ClInclude Include="src\test_lua\test\userdata_n_metatable_test_helper_field_02.hpp">
      <Filter>test_lua\item</Filter>
    </ClInclude>
    <ClInclude Include="src\test_lua\test\userdata_n_metatable_test_helper_field_01.hpp">
      <Filter>test_lua\item</Filter>
    </ClInclude>
  </ItemGroup>
</Project>