<?xml version="1.0" encoding="utf-8"?>
<Project ToolsVersion="4.0" xmlns="http://schemas.microsoft.com/developer/msbuild/2003">
  <ItemGroup>
    <Filter Include="step">
      <UniqueIdentifier>{969087ae-f173-470e-b691-2e752d41c9dd}</UniqueIdentifier>
    </Filter>
  </ItemGroup>
  <ItemGroup>
    <ClCompile Include="src\main.cpp" />
    <ClCompile Include="src\pch.cpp" />
    <ClCompile Include="src\step_DoFile.cpp">
      <Filter>step</Filter>
    </ClCompile>
    <ClCompile Include="src\step_DoString.cpp">
      <Filter>step</Filter>
    </ClCompile>
    <ClCompile Include="src\step_GetGlobal.cpp">
      <Filter>step</Filter>
    </ClCompile>
    <ClCompile Include="src\step_GetTable.cpp">
      <Filter>step</Filter>
    </ClCompile>
    <ClCompile Include="src\step_IsNumber.cpp">
      <Filter>step</Filter>
    </ClCompile>
    <ClCompile Include="src\step_LuaState.cpp">
      <Filter>step</Filter>
    </ClCompile>
    <ClCompile Include="src\step_OpenLibs.cpp">
      <Filter>step</Filter>
    </ClCompile>
    <ClCompile Include="src\step_PCall_01.cpp">
      <Filter>step</Filter>
    </ClCompile>
    <ClCompile Include="src\step_PCall_02.cpp">
      <Filter>step</Filter>
    </ClCompile>
    <ClCompile Include="src\step_PCall_03.cpp">
      <Filter>step</Filter>
    </ClCompile>
    <ClCompile Include="src\step_PCall_04_CallCPPFunction.cpp">
      <Filter>step</Filter>
    </ClCompile>
    <ClCompile Include="src\step_helper.cpp" />
  </ItemGroup>
  <ItemGroup>
    <ClInclude Include="src\pch.h" />
    <ClInclude Include="src\step_DoFile.h">
      <Filter>step</Filter>
    </ClInclude>
    <ClInclude Include="src\step_DoString.h">
      <Filter>step</Filter>
    </ClInclude>
    <ClInclude Include="src\step_GetGlobal.h">
      <Filter>step</Filter>
    </ClInclude>
    <ClInclude Include="src\step_GetTable.h">
      <Filter>step</Filter>
    </ClInclude>
    <ClInclude Include="src\step_IsNumber.h">
      <Filter>step</Filter>
    </ClInclude>
    <ClInclude Include="src\step_LuaState.h">
      <Filter>step</Filter>
    </ClInclude>
    <ClInclude Include="src\step_OpenLibs.h">
      <Filter>step</Filter>
    </ClInclude>
    <ClInclude Include="src\step_PCall_01.h">
      <Filter>step</Filter>
    </ClInclude>
    <ClInclude Include="src\step_PCall_02.h">
      <Filter>step</Filter>
    </ClInclude>
    <ClInclude Include="src\step_PCall_03.h">
      <Filter>step</Filter>
    </ClInclude>
    <ClInclude Include="src\step_PCall_04_CallCPPFunction.h">
      <Filter>step</Filter>
    </ClInclude>
    <ClInclude Include="src\step_helper.h" />
  </ItemGroup>
</Project>